
Microsoft Visual Studio Solution File, Format Version 12.00
# Visual Studio Version 17
VisualStudioVersion = 17.0.31903.59
MinimumVisualStudioVersion = 10.0.40219.1
Project("{2150E333-8FDC-42A3-9474-1A3956D46DE8}") = "src", "src", "{96843D57-965D-43FF-A342-C00054BADB09}"
EndProject
Project("{FAE04EC0-301F-11D3-BF4B-00C04F79EFBC}") = "server", "src\server\Arcadia.csproj", "{FEA07937-18A9-486F-B5FD-8410BFD632B2}"
EndProject
Global
	GlobalSection(SolutionConfigurationPlatforms) = preSolution
		Debug|Any CPU = Debug|Any CPU
		Release|Any CPU = Release|Any CPU
	EndGlobalSection
	GlobalSection(SolutionProperties) = preSolution
		HideSolutionNode = FALSE
	EndGlobalSection
	GlobalSection(ProjectConfigurationPlatforms) = postSolution
		{FEA07937-18A9-486F-B5FD-8410BFD632B2}.Debug|Any CPU.ActiveCfg = Debug|Any CPU
		{FEA07937-18A9-486F-B5FD-8410BFD632B2}.Debug|Any CPU.Build.0 = Debug|Any CPU
		{FEA07937-18A9-486F-B5FD-8410BFD632B2}.Release|Any CPU.ActiveCfg = Release|Any CPU
		{FEA07937-18A9-486F-B5FD-8410BFD632B2}.Release|Any CPU.Build.0 = Release|Any CPU
	EndGlobalSection
	GlobalSection(NestedProjects) = preSolution
		{FEA07937-18A9-486F-B5FD-8410BFD632B2} = {96843D57-965D-43FF-A342-C00054BADB09}
	EndGlobalSection
EndGlobal
